{
  "name": "static",
  "version": "1.0.0",
  "lockfileVersion": 1,
  "requires": true,
  "dependencies": {
    "bootstrap": {
      "version": "3.3.7",
      "resolved": "https://registry.npmjs.org/bootstrap/-/bootstrap-3.3.7.tgz",
      "integrity": "sha1-WjiTlFSfIzMIdaOxUGVldPip63E="
    },
    "bootstrap-contextmenu": {
      "version": "github:sydcanem/bootstrap-contextmenu#ac9f6a035b97dbe8958f8f2925fe4bdaa8a192c2"
    },
    "bootstrap-switch": {
      "version": "3.3.4",
      "resolved": "https://registry.npmjs.org/bootstrap-switch/-/bootstrap-switch-3.3.4.tgz",
      "integrity": "sha1-cOCusqh3wNx2aZHeEI4hcPwpov8="
    },
    "canvg": {
      "version": "github:canvg/canvg#00855ed8d399a2376958070607fa76e9cea51170",
      "requires": {
        "rgbcolor": "0.0.4",
        "stackblur": "1.0.0"
      }
    },
    "d3": {
      "version": "3.5.17",
      "resolved": "https://registry.npmjs.org/d3/-/d3-3.5.17.tgz",
      "integrity": "sha1-vEZ0gAQ3iyGjYMn8fPUjF5B2L7g="
    },
    "d3-cloud": {
      "version": "1.2.4",
      "resolved": "https://registry.npmjs.org/d3-cloud/-/d3-cloud-1.2.4.tgz",
      "integrity": "sha1-PhaUA62rdP2wyGdjjX8LuOaucf8=",
      "requires": {
        "d3-dispatch": "1.0.3"
      }
    },
    "d3-dispatch": {
      "version": "1.0.3",
      "resolved": "https://registry.npmjs.org/d3-dispatch/-/d3-dispatch-1.0.3.tgz",
      "integrity": "sha1-RuFJHqqbWMNY/OW+TovtYm54cfg="
    },
    "datatables.net": {
      "version": "1.10.15",
      "resolved": "https://registry.npmjs.org/datatables.net/-/datatables.net-1.10.15.tgz",
      "integrity": "sha1-x4kHe7/jhedf9aIz+l8jJRpy32g=",
      "requires": {
        "jquery": "2.2.4"
      }
    },
    "datatables.net-bs": {
      "version": "1.10.15",
      "resolved": "https://registry.npmjs.org/datatables.net-bs/-/datatables.net-bs-1.10.15.tgz",
      "integrity": "sha1-ssImEAfYTKW1q/VsGO3CJ+DaGk0=",
      "requires": {
        "datatables.net": "1.10.15",
        "jquery": "2.2.4"
      }
    },
    "datatables.net-buttons": {
      "version": "1.3.1",
      "resolved": "https://registry.npmjs.org/datatables.net-buttons/-/datatables.net-buttons-1.3.1.tgz",
      "integrity": "sha1-huPyB9xsRDPp7LmC2ZSVg2fyyeU=",
      "requires": {
        "datatables.net": "1.10.15",
        "jquery": "2.2.4"
      }
    },
    "datatables.net-buttons-bs": {
      "version": "1.3.1",
      "resolved": "https://registry.npmjs.org/datatables.net-buttons-bs/-/datatables.net-buttons-bs-1.3.1.tgz",
      "integrity": "sha1-/wP3frsE+ioriOcElGQBuNsNpRU=",
      "requires": {
        "datatables.net-bs": "1.10.15",
        "datatables.net-buttons": "1.3.1",
        "jquery": "2.2.4"
      }
    },
    "datatables.net-fixedcolumns": {
      "version": "3.2.2",
      "resolved": "https://registry.npmjs.org/datatables.net-fixedcolumns/-/datatables.net-fixedcolumns-3.2.2.tgz",
      "integrity": "sha1-KWwkS/blX84LraNeJ02MKTL+6DI=",
      "requires": {
        "datatables.net": "1.10.15",
        "jquery": "2.2.4"
      }
    },
    "datatables.net-fixedcolumns-bs": {
      "version": "3.2.2",
      "resolved": "https://registry.npmjs.org/datatables.net-fixedcolumns-bs/-/datatables.net-fixedcolumns-bs-3.2.2.tgz",
      "integrity": "sha1-d/IVjwqDsJ46qTOVDhRntmRQqfU=",
      "requires": {
        "datatables.net-bs": "1.10.15",
        "datatables.net-fixedcolumns": "3.2.2",
        "jquery": "2.2.4"
      }
    },
    "datatables.net-fixedheader": {
      "version": "3.1.2",
      "resolved": "https://registry.npmjs.org/datatables.net-fixedheader/-/datatables.net-fixedheader-3.1.2.tgz",
      "integrity": "sha1-y9H7NUBqy++MypNbuWQugDIEtdA=",
      "requires": {
        "datatables.net": "1.10.15",
        "jquery": "2.2.4"
      }
    },
    "datatables.net-fixedheader-bs": {
      "version": "3.1.2",
      "resolved": "https://registry.npmjs.org/datatables.net-fixedheader-bs/-/datatables.net-fixedheader-bs-3.1.2.tgz",
      "integrity": "sha1-v1kG3IL45JC+FsCOfycH/3dpAmE=",
      "requires": {
        "datatables.net-bs": "1.10.15",
        "datatables.net-fixedheader": "3.1.2",
        "jquery": "2.2.4"
      }
    },
    "datatables.net-select": {
      "version": "1.2.2",
      "resolved": "https://registry.npmjs.org/datatables.net-select/-/datatables.net-select-1.2.2.tgz",
      "integrity": "sha1-llF5P1KJn05XRcByCCHouChvv0U=",
      "requires": {
        "datatables.net": "1.10.15",
        "jquery": "2.2.4"
      }
    },
    "datatables.net-select-bs": {
      "version": "1.2.2",
      "resolved": "https://registry.npmjs.org/datatables.net-select-bs/-/datatables.net-select-bs-1.2.2.tgz",
      "integrity": "sha1-Irqpdxj7c+vqKElMmFxJ1FbvBLU=",
      "requires": {
        "datatables.net-bs": "1.10.15",
        "datatables.net-select": "1.2.2",
        "jquery": "2.2.4"
      }
    },
    "font-awesome": {
      "version": "4.7.0",
      "resolved": "https://registry.npmjs.org/font-awesome/-/font-awesome-4.7.0.tgz",
      "integrity": "sha1-j6jPBBGhoxr9B7BtKQK7n8gVoTM="
    },
    "jquery": {
      "version": "2.2.4",
      "resolved": "https://registry.npmjs.org/jquery/-/jquery-2.2.4.tgz",
      "integrity": "sha1-LInWiJterFIqfuoywUUhVZxsvwI="
    },
    "rgbcolor": {
      "version": "0.0.4",
      "resolved": "https://registry.npmjs.org/rgbcolor/-/rgbcolor-0.0.4.tgz",
      "integrity": "sha1-ygRhWi0D62Hknyp18jmkb7d9ix0="
    },
    "smartmenus": {
      "version": "1.0.1",
      "resolved": "https://registry.npmjs.org/smartmenus/-/smartmenus-1.0.1.tgz",
      "integrity": "sha1-ylgVHL5mP/kW3goWHfux4xCWo3A=",
      "requires": {
        "jquery": "2.2.4"
      }
    },
    "stackblur": {
      "version": "1.0.0",
      "resolved": "https://registry.npmjs.org/stackblur/-/stackblur-1.0.0.tgz",
      "integrity": "sha1-tAen4FyTsI1miDu4CNfLo6UD8S8="
    }
  }
}
