
Microsoft Visual Studio Solution File, Format Version 12.00
# Visual Studio 2013
VisualStudioVersion = 12.0.40629.0
MinimumVisualStudioVersion = 10.0.40219.1
Project("{2150E333-8FDC-42A3-9474-1A3956D46DE8}") = "Solution Items", "Solution Items", "{0AE819EC-9232-4E22-9BC2-7C4A87B57727}"
	ProjectSection(SolutionItems) = preProject
		bower.json = bower.json
		index.html = index.html
		index.js = index.js
		package.json = package.json
		README.md = README.md
	EndProjectSection
EndProject
Project("{2150E333-8FDC-42A3-9474-1A3956D46DE8}") = "js", "js", "{A51DCAA5-4F75-422D-BAD5-AB6725464AED}"
	ProjectSection(SolutionItems) = preProject
		js\jquery.dataTables.areaselect.js = js\jquery.dataTables.areaselect.js
	EndProjectSection
EndProject
Global
	GlobalSection(SolutionProperties) = preSolution
		HideSolutionNode = FALSE
	EndGlobalSection
	GlobalSection(NestedProjects) = preSolution
		{A51DCAA5-4F75-422D-BAD5-AB6725464AED} = {0AE819EC-9232-4E22-9BC2-7C4A87B57727}
	EndGlobalSection
EndGlobal
